aliyun-python-sdk-core==2.16.1 --hash=sha256:0f25a6e8ec1ea29c76610278cff81cbff85149a6e692bf2398a6f9b77e5e7424
aliyun-python-sdk-kms==2.16.5 --hash=sha256:24b6cdc4fd161d2942619479c8d050c63ea9cd22b044fe33b60bbb60153786f0
certifi==2026.7.22 --hash=sha256:62f22742b58a1a33014a2b6b706588a8d7e2a88ae7bd1a6ebe8c992928483775
cffi==2.1.1 --hash=sha256:68e62fe11f30d5ca8289242866f0a5291402d8529ca2178ab8afc5c9694ae890
charset-normalizer==3.5.1 --hash=sha256:4582c27e8c889d64811987b5967fbd3ae0c823fe1fd933b543d55ac20bb475fa
crcmod==1.7 --hash=sha256:0a1bcc5fe41a28dbc6c97e326a2eaef65e887c03b3496f5bb3fac39081599347
cryptography==50.0.1 --hash=sha256:e2ca8fd1b6b4b82a1c4cb02841d0837e3c12336c2e24b520ab8ab3b969733d8f
idna==3.19 --hash=sha256:815e7be7a7806d54abb586dc943addc79e8b2ee16915059658cbeff4b1b43bf4
jmespath==1.1.0 --hash=sha256:a5663118de4908c91729bea0acadca56526eb2698e83de10cd116ae0f4e97c64
oss2==2.19.1 --hash=sha256:f6496bf60b17a627bf6df5e1c731f2341bb4a0f2459a79d924eb96cd3f86fd60
pycparser==3.0 --hash=sha256:b727414169a36b7d524c1c3e31839a521725078d7b2ff038656844266160a992
pycryptodome==3.23.0 --hash=sha256:67bd81fcbe34f43ad9422ee8fd4843c8e7198dd88dd3d40e6de42ee65fbe1490
pyopenssl==26.4.0 --hash=sha256:f0eb0cb2d581d3ad2b9c489468485e7f2ab6727d08401bcf9d824c3caddf3c1c
requests==2.34.2 --hash=sha256:2a0d60c172f83ac6ab31e4554906c0f3b3588d37b5cb939b1c061f4907e278e0
six==1.17.0 --hash=sha256:4721f391ed90541fddacab5acf947aa0d3dc7d27b2e1e8eda2be8970586c3274
typing-extensions==4.16.0 --hash=sha256:481caa481374e813c1b176ada14e97f1f67a4539ce9cfeb3f350d78d6370c2e8
urllib3==2.7.0 --hash=sha256:9fb4c81ebbb1ce9531cce37674bbc6f1360472bc18ca9a553ede278ef7276897
